
Microsoft Visual Studio Solution File, Format Version 12.00
# Visual Studio 15
VisualStudioVersion = 15.0.28010.2016
MinimumVisualStudioVersion = 10.0.40219.1
Project("{FAE04EC0-301F-11D3-BF4B-00C04F79EFBC}") = "SlotMashine", "SlotMashine\SlotMashine.csproj", "{C288BA2C-94B4-4CE8-81E4-29A6E886991A}"
EndProject
Global
	GlobalSection(SolutionConfigurationPlatforms) = preSolution
		Debug|Any CPU = Debug|Any CPU
		Release|Any CPU = Release|Any CPU
	EndGlobalSection
	GlobalSection(ProjectConfigurationPlatforms) = postSolution
		{C288BA2C-94B4-4CE8-81E4-29A6E886991A}.Debug|Any CPU.ActiveCfg = Debug|Any CPU
		{C288BA2C-94B4-4CE8-81E4-29A6E886991A}.Debug|Any CPU.Build.0 = Debug|Any CPU
		{C288BA2C-94B4-4CE8-81E4-29A6E886991A}.Release|Any CPU.ActiveCfg = Release|Any CPU
		{C288BA2C-94B4-4CE8-81E4-29A6E886991A}.Release|Any CPU.Build.0 = Release|Any CPU
	EndGlobalSection
	GlobalSection(SolutionProperties) = preSolution
		HideSolutionNode = FALSE
	EndGlobalSection
	GlobalSection(ExtensibilityGlobals) = postSolution
		SolutionGuid = {A4CF9933-91A7-402F-B423-BDC2E8E8BE4E}
	EndGlobalSection
EndGlobal
